<?xml version="1.0" encoding="utf-8"?>
<Project ToolsVersion="4.0" xmlns="http://schemas.microsoft.com/developer/msbuild/2003">
  <ItemGroup>
    <Filter Include="Source Files">
      <UniqueIdentifier>{4FC737F1-C7A5-4376-A066-2A32D752A2FF}</UniqueIdentifier>
      <Extensions>cpp;c;cc;cxx;c++;cppm;ixx;def;odl;idl;hpj;bat;asm;asmx</Extensions>
    </Filter>
    <Filter Include="Header Files">
      <UniqueIdentifier>{93995380-89BD-4b04-88EB-625FBE52EBFB}</UniqueIdentifier>
      <Extensions>h;hh;hpp;hxx;h++;hm;inl;inc;ipp;xsd</Extensions>
    </Filter>
    <Filter Include="Resource Files">
      <UniqueIdentifier>{67DA6AB6-F800-4c08-8B7A-83BB121AAD01}</UniqueIdentifier>
      <Extensions>rc;ico;cur;bmp;dlg;rc2;rct;bin;rgs;gif;jpg;jpeg;jpe;resx;tiff;tif;png;wav;mfcribbon-ms</Extensions>
    </Filter>
    <Filter Include="Shaders">
      <UniqueIdentifier>{7dfb03af-ce93-4e80-b8a8-23d1aa184ad5}</UniqueIdentifier>
    </Filter>
    <Filter Include="Samples">
      <UniqueIdentifier>{aab3fd1e-e2d9-4272-8452-c15e14f00076}</UniqueIdentifier>
    </Filter>
    <Filter Include="Actor">
      <UniqueIdentifier>{dc9d0009-42a1-4431-8016-90d581b6fb2d}</UniqueIdentifier>
    </Filter>
    <Filter Include="D3D11">
      <UniqueIdentifier>{516a3084-859a-4301-9a6c-877b911dbc51}</UniqueIdentifier>
    </Filter>
    <Filter Include="Level">
      <UniqueIdentifier>{8fb629c7-734b-4ebb-807b-01dac1c77690}</UniqueIdentifier>
    </Filter>
  </ItemGroup>
  <ItemGroup>
    <ClCompile Include="main.cpp">
      <Filter>Source Files</Filter>
    </ClCompile>
    <ClCompile Include="Engine.cpp">
      <Filter>Source Files</Filter>
    </ClCompile>
    <ClCompile Include="GUIManager.cpp">
      <Filter>Source Files</Filter>
    </ClCompile>
    <ClCompile Include="GeometryGenerator.cpp">
      <Filter>Source Files</Filter>
    </ClCompile>
    <ClCompile Include="IRenderer.cpp">
      <Filter>Source Files</Filter>
    </ClCompile>
    <ClCompile Include="Actor.cpp">
      <Filter>Actor</Filter>
    </ClCompile>
    <ClCompile Include="D3D11Utils.cpp">
      <Filter>D3D11</Filter>
    </ClCompile>
    <ClCompile Include="D3D11PSO.cpp">
      <Filter>D3D11</Filter>
    </ClCompile>
    <ClCompile Include="D3D11Renderer.cpp">
      <Filter>D3D11</Filter>
    </ClCompile>
    <ClCompile Include="Sample_TEMPLATE.cpp">
      <Filter>Samples</Filter>
    </ClCompile>
    <ClCompile Include="Sample_Basic.cpp">
      <Filter>Samples</Filter>
    </ClCompile>
    <ClCompile Include="Level.cpp">
      <Filter>Level</Filter>
    </ClCompile>
    <ClCompile Include="ModelLoader.cpp">
      <Filter>Source Files</Filter>
    </ClCompile>
    <ClCompile Include="Camera.cpp">
      <Filter>Source Files</Filter>
    </ClCompile>
    <ClCompile Include="D3D11Common.cpp">
      <Filter>D3D11</Filter>
    </ClCompile>
    <ClCompile Include="Sample_Phong.cpp">
      <Filter>Samples</Filter>
    </ClCompile>
    <ClCompile Include="Sample_IBL.cpp">
      <Filter>Samples</Filter>
    </ClCompile>
    <ClCompile Include="Sample_Mipmap.cpp">
      <Filter>Samples</Filter>
    </ClCompile>
  </ItemGroup>
  <ItemGroup>
    <ClInclude Include="Engine.h">
      <Filter>Header Files</Filter>
    </ClInclude>
    <ClInclude Include="Common.h">
      <Filter>Header Files</Filter>
    </ClInclude>
    <ClInclude Include="Vertex.h">
      <Filter>Header Files</Filter>
    </ClInclude>
    <ClInclude Include="MeshData.h">
      <Filter>Header Files</Filter>
    </ClInclude>
    <ClInclude Include="Mesh.h">
      <Filter>Header Files</Filter>
    </ClInclude>
    <ClInclude Include="GUIManager.h">
      <Filter>Header Files</Filter>
    </ClInclude>
    <ClInclude Include="GeometryGenerator.h">
      <Filter>Header Files</Filter>
    </ClInclude>
    <ClInclude Include="IRenderer.h">
      <Filter>Header Files</Filter>
    </ClInclude>
    <ClInclude Include="Actor.h">
      <Filter>Actor</Filter>
    </ClInclude>
    <ClInclude Include="D3D11Utils.h">
      <Filter>D3D11</Filter>
    </ClInclude>
    <ClInclude Include="D3D11PSO.h">
      <Filter>D3D11</Filter>
    </ClInclude>
    <ClInclude Include="D3D11Renderer.h">
      <Filter>D3D11</Filter>
    </ClInclude>
    <ClInclude Include="Sample_Basic.h">
      <Filter>Samples</Filter>
    </ClInclude>
    <ClInclude Include="Sample_TEMPLATE.h">
      <Filter>Samples</Filter>
    </ClInclude>
    <ClInclude Include="Level.h">
      <Filter>Level</Filter>
    </ClInclude>
    <ClInclude Include="Texture2D.h">
      <Filter>Header Files</Filter>
    </ClInclude>
    <ClInclude Include="ConstantBuffer.h">
      <Filter>Header Files</Filter>
    </ClInclude>
    <ClInclude Include="ModelLoader.h">
      <Filter>Header Files</Filter>
    </ClInclude>
    <ClInclude Include="AnimationClip.h">
      <Filter>Header Files</Filter>
    </ClInclude>
    <ClInclude Include="Texture3D.h">
      <Filter>Header Files</Filter>
    </ClInclude>
    <ClInclude Include="Camera.h">
      <Filter>Header Files</Filter>
    </ClInclude>
    <ClInclude Include="D3D11Common.h">
      <Filter>D3D11</Filter>
    </ClInclude>
    <ClInclude Include="Sample_Phong.h">
      <Filter>Samples</Filter>
    </ClInclude>
    <ClInclude Include="Sample_IBL.h">
      <Filter>Samples</Filter>
    </ClInclude>
    <ClInclude Include="Sample_Mipmap.h">
      <Filter>Samples</Filter>
    </ClInclude>
  </ItemGroup>
  <ItemGroup>
    <FxCompile Include="BasicPS.hlsl">
      <Filter>Shaders</Filter>
    </FxCompile>
    <FxCompile Include="BasicVS.hlsl">
      <Filter>Shaders</Filter>
    </FxCompile>
    <FxCompile Include="PhongPS.hlsl">
      <Filter>Shaders</Filter>
    </FxCompile>
    <FxCompile Include="NormalGS.hlsl">
      <Filter>Shaders</Filter>
    </FxCompile>
    <FxCompile Include="NormalPS.hlsl">
      <Filter>Shaders</Filter>
    </FxCompile>
    <FxCompile Include="NormalVS.hlsl">
      <Filter>Shaders</Filter>
    </FxCompile>
    <FxCompile Include="SkyboxPS.hlsl">
      <Filter>Shaders</Filter>
    </FxCompile>
    <FxCompile Include="SkyboxVS.hlsl">
      <Filter>Shaders</Filter>
    </FxCompile>
    <FxCompile Include="IblPS.hlsl">
      <Filter>Shaders</Filter>
    </FxCompile>
  </ItemGroup>
  <ItemGroup>
    <None Include="Common.hlsli">
      <Filter>Shaders</Filter>
    </None>
    <None Include="packages.config" />
  </ItemGroup>
</Project>