<?xml version="1.0" encoding="utf-8"?>
<Project ToolsVersion="4.0" xmlns="http://schemas.microsoft.com/developer/msbuild/2003">
  <ItemGroup>
    <Filter Include="Resource Files">
      <UniqueIdentifier>{67DA6AB6-F800-4c08-8B7A-83BB121AAD01}</UniqueIdentifier>
      <Extensions>rc;ico;cur;bmp;dlg;rc2;rct;bin;rgs;gif;jpg;jpeg;jpe;resx;tiff;tif;png;wav;mfcribbon-ms</Extensions>
    </Filter>
    <Filter Include="Shaders">
      <UniqueIdentifier>{7dfb03af-ce93-4e80-b8a8-23d1aa184ad5}</UniqueIdentifier>
    </Filter>
    <Filter Include="Samples">
      <UniqueIdentifier>{aab3fd1e-e2d9-4272-8452-c15e14f00076}</UniqueIdentifier>
    </Filter>
    <Filter Include="Actor">
      <UniqueIdentifier>{dc9d0009-42a1-4431-8016-90d581b6fb2d}</UniqueIdentifier>
    </Filter>
    <Filter Include="D3D11">
      <UniqueIdentifier>{516a3084-859a-4301-9a6c-877b911dbc51}</UniqueIdentifier>
    </Filter>
    <Filter Include="Level">
      <UniqueIdentifier>{8fb629c7-734b-4ebb-807b-01dac1c77690}</UniqueIdentifier>
    </Filter>
  </ItemGroup>
  <ItemGroup>
    <ClCompile Include="Actor.cpp">
      <Filter>Actor</Filter>
    </ClCompile>
    <ClCompile Include="D3D11Utils.cpp">
      <Filter>D3D11</Filter>
    </ClCompile>
    <ClCompile Include="D3D11PSO.cpp">
      <Filter>D3D11</Filter>
    </ClCompile>
    <ClCompile Include="D3D11Renderer.cpp">
      <Filter>D3D11</Filter>
    </ClCompile>
    <ClCompile Include="Sample_TEMPLATE.cpp">
      <Filter>Samples</Filter>
    </ClCompile>
    <ClCompile Include="Sample_Basic.cpp">
      <Filter>Samples</Filter>
    </ClCompile>
    <ClCompile Include="Level.cpp">
      <Filter>Level</Filter>
    </ClCompile>
    <ClCompile Include="D3D11Common.cpp">
      <Filter>D3D11</Filter>
    </ClCompile>
    <ClCompile Include="Sample_Phong.cpp">
      <Filter>Samples</Filter>
    </ClCompile>
    <ClCompile Include="Sample_IBL.cpp">
      <Filter>Samples</Filter>
    </ClCompile>
    <ClCompile Include="Sample_Mipmap.cpp">
      <Filter>Samples</Filter>
    </ClCompile>
    <ClCompile Include="Sample_PBR.cpp">
      <Filter>Samples</Filter>
    </ClCompile>
    <ClCompile Include="Camera.cpp" />
    <ClCompile Include="Engine.cpp" />
    <ClCompile Include="GeometryGenerator.cpp" />
    <ClCompile Include="GUIManager.cpp" />
    <ClCompile Include="ImageFilter.cpp" />
    <ClCompile Include="IRenderer.cpp" />
    <ClCompile Include="main.cpp" />
    <ClCompile Include="ModelLoader.cpp" />
    <ClCompile Include="PostProcess.cpp" />
    <ClCompile Include="TerrainActor.cpp" />
  </ItemGroup>
  <ItemGroup>
    <ClInclude Include="Actor.h">
      <Filter>Actor</Filter>
    </ClInclude>
    <ClInclude Include="D3D11Utils.h">
      <Filter>D3D11</Filter>
    </ClInclude>
    <ClInclude Include="D3D11PSO.h">
      <Filter>D3D11</Filter>
    </ClInclude>
    <ClInclude Include="D3D11Renderer.h">
      <Filter>D3D11</Filter>
    </ClInclude>
    <ClInclude Include="Sample_Basic.h">
      <Filter>Samples</Filter>
    </ClInclude>
    <ClInclude Include="Sample_TEMPLATE.h">
      <Filter>Samples</Filter>
    </ClInclude>
    <ClInclude Include="Level.h">
      <Filter>Level</Filter>
    </ClInclude>
    <ClInclude Include="D3D11Common.h">
      <Filter>D3D11</Filter>
    </ClInclude>
    <ClInclude Include="Sample_Phong.h">
      <Filter>Samples</Filter>
    </ClInclude>
    <ClInclude Include="Sample_IBL.h">
      <Filter>Samples</Filter>
    </ClInclude>
    <ClInclude Include="Sample_Mipmap.h">
      <Filter>Samples</Filter>
    </ClInclude>
    <ClInclude Include="Sample_PBR.h">
      <Filter>Samples</Filter>
    </ClInclude>
    <ClInclude Include="AnimationClip.h" />
    <ClInclude Include="Camera.h" />
    <ClInclude Include="Common.h" />
    <ClInclude Include="ConstantBuffer.h" />
    <ClInclude Include="Engine.h" />
    <ClInclude Include="GeometryGenerator.h" />
    <ClInclude Include="GUIManager.h" />
    <ClInclude Include="ImageFilter.h" />
    <ClInclude Include="IRenderer.h" />
    <ClInclude Include="Mesh.h" />
    <ClInclude Include="MeshData.h" />
    <ClInclude Include="ModelLoader.h" />
    <ClInclude Include="PostProcess.h" />
    <ClInclude Include="TerrainActor.h" />
    <ClInclude Include="Texture2D.h" />
    <ClInclude Include="Texture3D.h" />
    <ClInclude Include="Vertex.h" />
  </ItemGroup>
  <ItemGroup>
    <FxCompile Include="BasicPS.hlsl">
      <Filter>Shaders</Filter>
    </FxCompile>
    <FxCompile Include="BasicVS.hlsl">
      <Filter>Shaders</Filter>
    </FxCompile>
    <FxCompile Include="PhongPS.hlsl">
      <Filter>Shaders</Filter>
    </FxCompile>
    <FxCompile Include="NormalGS.hlsl">
      <Filter>Shaders</Filter>
    </FxCompile>
    <FxCompile Include="NormalPS.hlsl">
      <Filter>Shaders</Filter>
    </FxCompile>
    <FxCompile Include="NormalVS.hlsl">
      <Filter>Shaders</Filter>
    </FxCompile>
    <FxCompile Include="SkyboxPS.hlsl">
      <Filter>Shaders</Filter>
    </FxCompile>
    <FxCompile Include="SkyboxVS.hlsl">
      <Filter>Shaders</Filter>
    </FxCompile>
    <FxCompile Include="IblPS.hlsl">
      <Filter>Shaders</Filter>
    </FxCompile>
    <FxCompile Include="MipmapPS.hlsl">
      <Filter>Shaders</Filter>
    </FxCompile>
    <FxCompile Include="TerrainVS.hlsl">
      <Filter>Shaders</Filter>
    </FxCompile>
    <FxCompile Include="TerrainHS.hlsl">
      <Filter>Shaders</Filter>
    </FxCompile>
    <FxCompile Include="TerrainDS.hlsl">
      <Filter>Shaders</Filter>
    </FxCompile>
    <FxCompile Include="TerrainPS.hlsl">
      <Filter>Shaders</Filter>
    </FxCompile>
    <FxCompile Include="BloomDownPS.hlsl">
      <Filter>Shaders</Filter>
    </FxCompile>
    <FxCompile Include="BloomUpPS.hlsl">
      <Filter>Shaders</Filter>
    </FxCompile>
    <FxCompile Include="CombinePS.hlsl">
      <Filter>Shaders</Filter>
    </FxCompile>
    <FxCompile Include="PostEffectsPS.hlsl">
      <Filter>Shaders</Filter>
    </FxCompile>
    <FxCompile Include="DepthOnlyPS.hlsl">
      <Filter>Shaders</Filter>
    </FxCompile>
    <FxCompile Include="SamplingVS.hlsl">
      <Filter>Shaders</Filter>
    </FxCompile>
    <FxCompile Include="DepthOnlyVS.hlsl">
      <Filter>Shaders</Filter>
    </FxCompile>
  </ItemGroup>
  <ItemGroup>
    <None Include="Common.hlsli">
      <Filter>Shaders</Filter>
    </None>
    <None Include="packages.config" />
  </ItemGroup>
</Project>